// !$*UTF8*$!
{
	archiveVersion = 1;
	classes = {
	};
	objectVersion = 46;
	objects = {

/* Begin PBXBuildFile section */
		50EBEDBC16B1C987005516C4 /* QBTAudioPlayer.m in Sources */ = {isa = PBXBuildFile; fileRef = 50EBEDBB16B1C987005516C4 /* QBTAudioPlayer.m */; };
		50EBEDC316B1CAD5005516C4 /* AVFoundation.framework in Frameworks */ = {isa = PBXBuildFile; fileRef = 50EBEDC216B1CAD5005516C4 /* AVFoundation.framework */; };
		AA05DBC116E9219B000D97C9 /* QBTTaskFamiliarityViewController.m in Sources */ = {isa = PBXBuildFile; fileRef = AA05DBC016E9219B000D97C9 /* QBTTaskFamiliarityViewController.m */; };
		AA0ADE3016E55064006C9790 /* earthAngel.mp3 in Resources */ = {isa = PBXBuildFile; fileRef = AA0ADE2D16E55064006C9790 /* earthAngel.mp3 */; };
		AA0ADE3116E55064006C9790 /* iWalkTheLine.mp3 in Resources */ = {isa = PBXBuildFile; fileRef = AA0ADE2E16E55064006C9790 /* iWalkTheLine.mp3 */; };
		AA0ADE3216E55064006C9790 /* somewhereOverTheRainbow.mp3 in Resources */ = {isa = PBXBuildFile; fileRef = AA0ADE2F16E55064006C9790 /* somewhereOverTheRainbow.mp3 */; };
		AA1E4A0C16C58BA000238C54 /* QBTDownloadViewController.m in Sources */ = {isa = PBXBuildFile; fileRef = AA1E4A0B16C58BA000238C54 /* QBTDownloadViewController.m */; };
		AA1E4A0F16C58EA100238C54 /* QBTDownloadCell.m in Sources */ = {isa = PBXBuildFile; fileRef = AA1E4A0E16C58EA100238C54 /* QBTDownloadCell.m */; };
		AA1E4A1216C5A13500238C54 /* QBTSongListDownloader.m in Sources */ = {isa = PBXBuildFile; fileRef = AA1E4A1116C5A13500238C54 /* QBTSongListDownloader.m */; };
		AA4B2FDC169B8B5000030E29 /* CSVParser.m in Sources */ = {isa = PBXBuildFile; fileRef = AA4B2FDB169B8B5000030E29 /* CSVParser.m */; settings = {COMPILER_FLAGS = "-fno-objc-arc"; }; };
		AA4F4BD516C09D9B0037E613 /* lyrics_trial.csv in Resources */ = {isa = PBXBuildFile; fileRef = AA4F4BD016C09D9B0037E613 /* lyrics_trial.csv */; };
		AA56120916C9C73A00377661 /* gears.png in Resources */ = {isa = PBXBuildFile; fileRef = AA56120716C9C73A00377661 /* gears.png */; };
		AA56120A16C9C73A00377661 /* gears@2x.png in Resources */ = {isa = PBXBuildFile; fileRef = AA56120816C9C73A00377661 /* gears@2x.png */; };
		AA66D67B16DE97EA0052145B /* QBTVolumeAdjustViewController.m in Sources */ = {isa = PBXBuildFile; fileRef = AA66D67A16DE97EA0052145B /* QBTVolumeAdjustViewController.m */; };
		AA66D67D16DE98D50052145B /* MediaPlayer.framework in Frameworks */ = {isa = PBXBuildFile; fileRef = AA66D67C16DE98D50052145B /* MediaPlayer.framework */; };
		AA687E5316BC46050019DA5F /* QBTAudioDownloader.m in Sources */ = {isa = PBXBuildFile; fileRef = AA687E5216BC46050019DA5F /* QBTAudioDownloader.m */; };
		AA7324F716AF35A500F9D64A /* icon114.png in Resources */ = {isa = PBXBuildFile; fileRef = AA7324F616AF35A500F9D64A /* icon114.png */; };
		AA7324FA16AF35AC00F9D64A /* icon57.png in Resources */ = {isa = PBXBuildFile; fileRef = AA7324F916AF35AC00F9D64A /* icon57.png */; };
		AA80E5941701D6B800AFF85D /* QBTTrainingViewController.m in Sources */ = {isa = PBXBuildFile; fileRef = AA80E5931701D6B800AFF85D /* QBTTrainingViewController.m */; };
		AA9C4C8A169F83D900CD76A0 /* QBTSessionData.m in Sources */ = {isa = PBXBuildFile; fileRef = AA9C4C89169F83D900CD76A0 /* QBTSessionData.m */; };
		AAA8B440169CE76B00C30C09 /* QBTServerSettings.m in Sources */ = {isa = PBXBuildFile; fileRef = AAA8B43F169CE76B00C30C09 /* QBTServerSettings.m */; };
		AAA8B443169CE95E00C30C09 /* QBTUserData.m in Sources */ = {isa = PBXBuildFile; fileRef = AAA8B442169CE95E00C30C09 /* QBTUserData.m */; };
		AAB29C0317061710001AA244 /* QBTSessionDataUploader.m in Sources */ = {isa = PBXBuildFile; fileRef = AAB29C0217061710001AA244 /* QBTSessionDataUploader.m */; };
		AAB29C0817063844001AA244 /* SystemConfiguration.framework in Frameworks */ = {isa = PBXBuildFile; fileRef = AAB29C0717063844001AA244 /* SystemConfiguration.framework */; };
		AAB29C0B17063B1F001AA244 /* Reachability.m in Sources */ = {isa = PBXBuildFile; fileRef = AAB29C0A17063B1F001AA244 /* Reachability.m */; };
		AAB9CEDF16ED8E58001093F9 /* testSong.mp3 in Resources */ = {isa = PBXBuildFile; fileRef = AAB9CEDE16ED8E58001093F9 /* testSong.mp3 */; };
		AACE7A7C16C0923500B7C0C7 /* QBTTaskReadyViewController.m in Sources */ = {isa = PBXBuildFile; fileRef = AACE7A7B16C0923500B7C0C7 /* QBTTaskReadyViewController.m */; };
		AADDFB1A16448D68004955C1 /* UIKit.framework in Frameworks */ = {isa = PBXBuildFile; fileRef = AADDFB1916448D68004955C1 /* UIKit.framework */; };
		AADDFB1C16448D68004955C1 /* Foundation.framework in Frameworks */ = {isa = PBXBuildFile; fileRef = AADDFB1B16448D68004955C1 /* Foundation.framework */; };
		AADDFB1E16448D68004955C1 /* CoreGraphics.framework in Frameworks */ = {isa = PBXBuildFile; fileRef = AADDFB1D16448D68004955C1 /* CoreGraphics.framework */; };
		AADDFB2416448D68004955C1 /* InfoPlist.strings in Resources */ = {isa = PBXBuildFile; fileRef = AADDFB2216448D68004955C1 /* InfoPlist.strings */; };
		AADDFB2616448D68004955C1 /* main.m in Sources */ = {isa = PBXBuildFile; fileRef = AADDFB2516448D68004955C1 /* main.m */; };
		AADDFB2A16448D68004955C1 /* QBTAppDelegate.m in Sources */ = {isa = PBXBuildFile; fileRef = AADDFB2916448D68004955C1 /* QBTAppDelegate.m */; };
		AADDFB2C16448D68004955C1 /* Default.png in Resources */ = {isa = PBXBuildFile; fileRef = AADDFB2B16448D68004955C1 /* Default.png */; };
		AADDFB2E16448D68004955C1 /* Default@2x.png in Resources */ = {isa = PBXBuildFile; fileRef = AADDFB2D16448D68004955C1 /* Default@2x.png */; };
		AADDFB3016448D68004955C1 /* Default-568h@2x.png in Resources */ = {isa = PBXBuildFile; fileRef = AADDFB2F16448D68004955C1 /* Default-568h@2x.png */; };
		AADDFB3316448D68004955C1 /* MainStoryboard.storyboard in Resources */ = {isa = PBXBuildFile; fileRef = AADDFB3116448D68004955C1 /* MainStoryboard.storyboard */; };
		AADDFB3616448D68004955C1 /* QBTViewController.m in Sources */ = {isa = PBXBuildFile; fileRef = AADDFB3516448D68004955C1 /* QBTViewController.m */; };
		AADDFB421644900C004955C1 /* QBTQuestionViewController.m in Sources */ = {isa = PBXBuildFile; fileRef = AADDFB411644900C004955C1 /* QBTQuestionViewController.m */; };
		AADDFB45164490C3004955C1 /* QBTTextViewController.m in Sources */ = {isa = PBXBuildFile; fileRef = AADDFB44164490C3004955C1 /* QBTTextViewController.m */; };
		AADDFB4A16449722004955C1 /* QBTTaskTextViewController.m in Sources */ = {isa = PBXBuildFile; fileRef = AADDFB4916449722004955C1 /* QBTTaskTextViewController.m */; };
		AADDFB4D16449763004955C1 /* QBTTaskViewController.m in Sources */ = {isa = PBXBuildFile; fileRef = AADDFB4C16449763004955C1 /* QBTTaskViewController.m */; };
		AADDFB5016449857004955C1 /* QBTTaskDoneViewController.m in Sources */ = {isa = PBXBuildFile; fileRef = AADDFB4F16449857004955C1 /* QBTTaskDoneViewController.m */; };
		AADDFB571644A623004955C1 /* QBTTaskAudioViewController.m in Sources */ = {isa = PBXBuildFile; fileRef = AADDFB561644A623004955C1 /* QBTTaskAudioViewController.m */; };
		AAE86FF316A4D7E400B819DB /* QBTTaskData.m in Sources */ = {isa = PBXBuildFile; fileRef = AAE86FF216A4D7E400B819DB /* QBTTaskData.m */; };
		AAE86FF716A4DC0D00B819DB /* QBTTaskQuestionViewController.m in Sources */ = {isa = PBXBuildFile; fileRef = AAE86FF616A4DC0D00B819DB /* QBTTaskQuestionViewController.m */; };
		AAF1E09F16BA32B0003523CD /* QBTLyricsData.m in Sources */ = {isa = PBXBuildFile; fileRef = AAF1E09E16BA32B0003523CD /* QBTLyricsData.m */; };
		AAF98B5D16C47265002AD8DF /* QBTSettingsViewController.m in Sources */ = {isa = PBXBuildFile; fileRef = AAF98B5C16C47265002AD8DF /* QBTSettingsViewController.m */; };
/* End PBXBuildFile section */

/* Begin PBXFileReference section */
		50EBEDBA16B1C987005516C4 /* QBTAudioPlayer.h */ = {isa = PBXFileReference; fileEncoding = 4; lastKnownFileType = sourcecode.c.h; path = QBTAudioPlayer.h; sourceTree = "<group>"; };
		50EBEDBB16B1C987005516C4 /* QBTAudioPlayer.m */ = {isa = PBXFileReference; fileEncoding = 4; lastKnownFileType = sourcecode.c.objc; path = QBTAudioPlayer.m; sourceTree = "<group>"; };
		50EBEDC216B1CAD5005516C4 /* AVFoundation.framework */ = {isa = PBXFileReference; lastKnownFileType = wrapper.framework; name = AVFoundation.framework; path = System/Library/Frameworks/AVFoundation.framework; sourceTree = SDKROOT; };
		AA05DBBF16E9219B000D97C9 /* QBTTaskFamiliarityViewController.h */ = {isa = PBXFileReference; fileEncoding = 4; lastKnownFileType = sourcecode.c.h; path = QBTTaskFamiliarityViewController.h; sourceTree = "<group>"; };
		AA05DBC016E9219B000D97C9 /* QBTTaskFamiliarityViewController.m */ = {isa = PBXFileReference; fileEncoding = 4; lastKnownFileType = sourcecode.c.objc; path = QBTTaskFamiliarityViewController.m; sourceTree = "<group>"; };
		AA0ADE2D16E55064006C9790 /* earthAngel.mp3 */ = {isa = PBXFileReference; lastKnownFileType = audio.mp3; name = earthAngel.mp3; path = Trial/earthAngel.mp3; sourceTree = "<group>"; };
		AA0ADE2E16E55064006C9790 /* iWalkTheLine.mp3 */ = {isa = PBXFileReference; lastKnownFileType = audio.mp3; name = iWalkTheLine.mp3; path = Trial/iWalkTheLine.mp3; sourceTree = "<group>"; };
		AA0ADE2F16E55064006C9790 /* somewhereOverTheRainbow.mp3 */ = {isa = PBXFileReference; lastKnownFileType = audio.mp3; name = somewhereOverTheRainbow.mp3; path = Trial/somewhereOverTheRainbow.mp3; sourceTree = "<group>"; };
		AA1E4A0A16C58BA000238C54 /* QBTDownloadViewController.h */ = {isa = PBXFileReference; fileEncoding = 4; lastKnownFileType = sourcecode.c.h; path = QBTDownloadViewController.h; sourceTree = "<group>"; };
		AA1E4A0B16C58BA000238C54 /* QBTDownloadViewController.m */ = {isa = PBXFileReference; fileEncoding = 4; lastKnownFileType = sourcecode.c.objc; path = QBTDownloadViewController.m; sourceTree = "<group>"; };
		AA1E4A0D16C58EA100238C54 /* QBTDownloadCell.h */ = {isa = PBXFileReference; fileEncoding = 4; lastKnownFileType = sourcecode.c.h; path = QBTDownloadCell.h; sourceTree = "<group>"; };
		AA1E4A0E16C58EA100238C54 /* QBTDownloadCell.m */ = {isa = PBXFileReference; fileEncoding = 4; lastKnownFileType = sourcecode.c.objc; path = QBTDownloadCell.m; sourceTree = "<group>"; };
		AA1E4A1016C5A13500238C54 /* QBTSongListDownloader.h */ = {isa = PBXFileReference; fileEncoding = 4; lastKnownFileType = sourcecode.c.h; path = QBTSongListDownloader.h; sourceTree = "<group>"; };
		AA1E4A1116C5A13500238C54 /* QBTSongListDownloader.m */ = {isa = PBXFileReference; fileEncoding = 4; lastKnownFileType = sourcecode.c.objc; path = QBTSongListDownloader.m; sourceTree = "<group>"; };
		AA4B2FDA169B8B5000030E29 /* CSVParser.h */ = {isa = PBXFileReference; fileEncoding = 4; lastKnownFileType = sourcecode.c.h; name = CSVParser.h; path = QBTapIt/CSVParser.h; sourceTree = "<group>"; };
		AA4B2FDB169B8B5000030E29 /* CSVParser.m */ = {isa = PBXFileReference; fileEncoding = 4; lastKnownFileType = sourcecode.c.objc; name = CSVParser.m; path = QBTapIt/CSVParser.m; sourceTree = "<group>"; };
		AA4F4BD016C09D9B0037E613 /* lyrics_trial.csv */ = {isa = PBXFileReference; fileEncoding = 4; lastKnownFileType = text; name = lyrics_trial.csv; path = Trial/lyrics_trial.csv; sourceTree = "<group>"; };
		AA56120716C9C73A00377661 /* gears.png */ = {isa = PBXFileReference; lastKnownFileType = image.png; path = gears.png; sourceTree = "<group>"; };
		AA56120816C9C73A00377661 /* gears@2x.png */ = {isa = PBXFileReference; lastKnownFileType = image.png; path = "gears@2x.png"; sourceTree = "<group>"; };
		AA66D67916DE97EA0052145B /* QBTVolumeAdjustViewController.h */ = {isa = PBXFileReference; fileEncoding = 4; lastKnownFileType = sourcecode.c.h; path = QBTVolumeAdjustViewController.h; sourceTree = "<group>"; };
		AA66D67A16DE97EA0052145B /* QBTVolumeAdjustViewController.m */ = {isa = PBXFileReference; fileEncoding = 4; lastKnownFileType = sourcecode.c.objc; path = QBTVolumeAdjustViewController.m; sourceTree = "<group>"; };
		AA66D67C16DE98D50052145B /* MediaPlayer.framework */ = {isa = PBXFileReference; lastKnownFileType = wrapper.framework; name = MediaPlayer.framework; path = System/Library/Frameworks/MediaPlayer.framework; sourceTree = SDKROOT; };
		AA687E5116BC46050019DA5F /* QBTAudioDownloader.h */ = {isa = PBXFileReference; fileEncoding = 4; lastKnownFileType = sourcecode.c.h; path = QBTAudioDownloader.h; sourceTree = "<group>"; };
		AA687E5216BC46050019DA5F /* QBTAudioDownloader.m */ = {isa = PBXFileReference; fileEncoding = 4; lastKnownFileType = sourcecode.c.objc; path = QBTAudioDownloader.m; sourceTree = "<group>"; };
		AA7324F616AF35A500F9D64A /* icon114.png */ = {isa = PBXFileReference; lastKnownFileType = image.png; path = icon114.png; sourceTree = "<group>"; };
		AA7324F916AF35AC00F9D64A /* icon57.png */ = {isa = PBXFileReference; lastKnownFileType = image.png; path = icon57.png; sourceTree = "<group>"; };
		AA80E5921701D6B800AFF85D /* QBTTrainingViewController.h */ = {isa = PBXFileReference; fileEncoding = 4; lastKnownFileType = sourcecode.c.h; path = QBTTrainingViewController.h; sourceTree = "<group>"; };
		AA80E5931701D6B800AFF85D /* QBTTrainingViewController.m */ = {isa = PBXFileReference; fileEncoding = 4; lastKnownFileType = sourcecode.c.objc; path = QBTTrainingViewController.m; sourceTree = "<group>"; };
		AA9C4C88169F83D900CD76A0 /* QBTSessionData.h */ = {isa = PBXFileReference; fileEncoding = 4; lastKnownFileType = sourcecode.c.h; path = QBTSessionData.h; sourceTree = "<group>"; };
		AA9C4C89169F83D900CD76A0 /* QBTSessionData.m */ = {isa = PBXFileReference; fileEncoding = 4; lastKnownFileType = sourcecode.c.objc; path = QBTSessionData.m; sourceTree = "<group>"; };
		AAA8B43E169CE76B00C30C09 /* QBTServerSettings.h */ = {isa = PBXFileReference; fileEncoding = 4; lastKnownFileType = sourcecode.c.h; path = QBTServerSettings.h; sourceTree = "<group>"; };
		AAA8B43F169CE76B00C30C09 /* QBTServerSettings.m */ = {isa = PBXFileReference; fileEncoding = 4; lastKnownFileType = sourcecode.c.objc; path = QBTServerSettings.m; sourceTree = "<group>"; };
		AAA8B441169CE95E00C30C09 /* QBTUserData.h */ = {isa = PBXFileReference; fileEncoding = 4; lastKnownFileType = sourcecode.c.h; path = QBTUserData.h; sourceTree = "<group>"; };
		AAA8B442169CE95E00C30C09 /* QBTUserData.m */ = {isa = PBXFileReference; fileEncoding = 4; lastKnownFileType = sourcecode.c.objc; path = QBTUserData.m; sourceTree = "<group>"; };
		AAB29C0117061710001AA244 /* QBTSessionDataUploader.h */ = {isa = PBXFileReference; fileEncoding = 4; lastKnownFileType = sourcecode.c.h; path = QBTSessionDataUploader.h; sourceTree = "<group>"; };
		AAB29C0217061710001AA244 /* QBTSessionDataUploader.m */ = {isa = PBXFileReference; fileEncoding = 4; lastKnownFileType = sourcecode.c.objc; path = QBTSessionDataUploader.m; sourceTree = "<group>"; };
		AAB29C0717063844001AA244 /* SystemConfiguration.framework */ = {isa = PBXFileReference; lastKnownFileType = wrapper.framework; name = SystemConfiguration.framework; path = System/Library/Frameworks/SystemConfiguration.framework; sourceTree = SDKROOT; };
		AAB29C0917063B1F001AA244 /* Reachability.h */ = {isa = PBXFileReference; fileEncoding = 4; lastKnownFileType = sourcecode.c.h; name = Reachability.h; path = QBTapIt/Reachability.h; sourceTree = "<group>"; };
		AAB29C0A17063B1F001AA244 /* Reachability.m */ = {isa = PBXFileReference; fileEncoding = 4; lastKnownFileType = sourcecode.c.objc; name = Reachability.m; path = QBTapIt/Reachability.m; sourceTree = "<group>"; };
		AAB9CEDE16ED8E58001093F9 /* testSong.mp3 */ = {isa = PBXFileReference; lastKnownFileType = audio.mp3; path = testSong.mp3; sourceTree = "<group>"; };
		AACE7A7A16C0923500B7C0C7 /* QBTTaskReadyViewController.h */ = {isa = PBXFileReference; fileEncoding = 4; lastKnownFileType = sourcecode.c.h; path = QBTTaskReadyViewController.h; sourceTree = "<group>"; };
		AACE7A7B16C0923500B7C0C7 /* QBTTaskReadyViewController.m */ = {isa = PBXFileReference; fileEncoding = 4; lastKnownFileType = sourcecode.c.objc; path = QBTTaskReadyViewController.m; sourceTree = "<group>"; };
		AADDFB1516448D68004955C1 /* QBTapIt.app */ = {isa = PBXFileReference; explicitFileType = wrapper.application; includeInIndex = 0; path = QBTapIt.app; sourceTree = BUILT_PRODUCTS_DIR; };
		AADDFB1916448D68004955C1 /* UIKit.framework */ = {isa = PBXFileReference; lastKnownFileType = wrapper.framework; name = UIKit.framework; path = System/Library/Frameworks/UIKit.framework; sourceTree = SDKROOT; };
		AADDFB1B16448D68004955C1 /* Foundation.framework */ = {isa = PBXFileReference; lastKnownFileType = wrapper.framework; name = Foundation.framework; path = System/Library/Frameworks/Foundation.framework; sourceTree = SDKROOT; };
		AADDFB1D16448D68004955C1 /* CoreGraphics.framework */ = {isa = PBXFileReference; lastKnownFileType = wrapper.framework; name = CoreGraphics.framework; path = System/Library/Frameworks/CoreGraphics.framework; sourceTree = SDKROOT; };
		AADDFB2116448D68004955C1 /* QBTapIt-Info.plist */ = {isa = PBXFileReference; lastKnownFileType = text.plist.xml; path = "QBTapIt-Info.plist"; sourceTree = "<group>"; };
		AADDFB2316448D68004955C1 /* en */ = {isa = PBXFileReference; lastKnownFileType = text.plist.strings; name = en; path = en.lproj/InfoPlist.strings; sourceTree = "<group>"; };
		AADDFB2516448D68004955C1 /* main.m */ = {isa = PBXFileReference; lastKnownFileType = sourcecode.c.objc; path = main.m; sourceTree = "<group>"; };
		AADDFB2716448D68004955C1 /* QBTapIt-Prefix.pch */ = {isa = PBXFileReference; lastKnownFileType = sourcecode.c.h; path = "QBTapIt-Prefix.pch"; sourceTree = "<group>"; };
		AADDFB2816448D68004955C1 /* QBTAppDelegate.h */ = {isa = PBXFileReference; lastKnownFileType = sourcecode.c.h; path = QBTAppDelegate.h; sourceTree = "<group>"; };
		AADDFB2916448D68004955C1 /* QBTAppDelegate.m */ = {isa = PBXFileReference; lastKnownFileType = sourcecode.c.objc; path = QBTAppDelegate.m; sourceTree = "<group>"; };
		AADDFB2B16448D68004955C1 /* Default.png */ = {isa = PBXFileReference; lastKnownFileType = image.png; path = Default.png; sourceTree = "<group>"; };
		AADDFB2D16448D68004955C1 /* Default@2x.png */ = {isa = PBXFileReference; lastKnownFileType = image.png; path = "Default@2x.png"; sourceTree = "<group>"; };
		AADDFB2F16448D68004955C1 /* Default-568h@2x.png */ = {isa = PBXFileReference; lastKnownFileType = image.png; path = "Default-568h@2x.png"; sourceTree = "<group>"; };
		AADDFB3216448D68004955C1 /* en */ = {isa = PBXFileReference; lastKnownFileType = file.storyboard; name = en; path = en.lproj/MainStoryboard.storyboard; sourceTree = "<group>"; };
		AADDFB3416448D68004955C1 /* QBTViewController.h */ = {isa = PBXFileReference; lastKnownFileType = sourcecode.c.h; path = QBTViewController.h; sourceTree = "<group>"; };
		AADDFB3516448D68004955C1 /* QBTViewController.m */ = {isa = PBXFileReference; lastKnownFileType = sourcecode.c.objc; path = QBTViewController.m; sourceTree = "<group>"; };
		AADDFB401644900C004955C1 /* QBTQuestionViewController.h */ = {isa = PBXFileReference; fileEncoding = 4; lastKnownFileType = sourcecode.c.h; path = QBTQuestionViewController.h; sourceTree = "<group>"; };
		AADDFB411644900C004955C1 /* QBTQuestionViewController.m */ = {isa = PBXFileReference; fileEncoding = 4; lastKnownFileType = sourcecode.c.objc; path = QBTQuestionViewController.m; sourceTree = "<group>"; };
		AADDFB43164490C3004955C1 /* QBTTextViewController.h */ = {isa = PBXFileReference; fileEncoding = 4; lastKnownFileType = sourcecode.c.h; path = QBTTextViewController.h; sourceTree = "<group>"; };
		AADDFB44164490C3004955C1 /* QBTTextViewController.m */ = {isa = PBXFileReference; fileEncoding = 4; lastKnownFileType = sourcecode.c.objc; path = QBTTextViewController.m; sourceTree = "<group>"; };
		AADDFB4816449722004955C1 /* QBTTaskTextViewController.h */ = {isa = PBXFileReference; fileEncoding = 4; lastKnownFileType = sourcecode.c.h; path = QBTTaskTextViewController.h; sourceTree = "<group>"; };
		AADDFB4916449722004955C1 /* QBTTaskTextViewController.m */ = {isa = PBXFileReference; fileEncoding = 4; lastKnownFileType = sourcecode.c.objc; path = QBTTaskTextViewController.m; sourceTree = "<group>"; };
		AADDFB4B16449763004955C1 /* QBTTaskViewController.h */ = {isa = PBXFileReference; fileEncoding = 4; lastKnownFileType = sourcecode.c.h; path = QBTTaskViewController.h; sourceTree = "<group>"; };
		AADDFB4C16449763004955C1 /* QBTTaskViewController.m */ = {isa = PBXFileReference; fileEncoding = 4; lastKnownFileType = sourcecode.c.objc; path = QBTTaskViewController.m; sourceTree = "<group>"; };
		AADDFB4E16449857004955C1 /* QBTTaskDoneViewController.h */ = {isa = PBXFileReference; fileEncoding = 4; lastKnownFileType = sourcecode.c.h; path = QBTTaskDoneViewController.h; sourceTree = "<group>"; };
		AADDFB4F16449857004955C1 /* QBTTaskDoneViewController.m */ = {isa = PBXFileReference; fileEncoding = 4; lastKnownFileType = sourcecode.c.objc; path = QBTTaskDoneViewController.m; sourceTree = "<group>"; };
		AADDFB551644A623004955C1 /* QBTTaskAudioViewController.h */ = {isa = PBXFileReference; fileEncoding = 4; lastKnownFileType = sourcecode.c.h; path = QBTTaskAudioViewController.h; sourceTree = "<group>"; };
		AADDFB561644A623004955C1 /* QBTTaskAudioViewController.m */ = {isa = PBXFileReference; fileEncoding = 4; lastKnownFileType = sourcecode.c.objc; path = QBTTaskAudioViewController.m; sourceTree = "<group>"; };
		AAE86FF116A4D7E300B819DB /* QBTTaskData.h */ = {isa = PBXFileReference; fileEncoding = 4; lastKnownFileType = sourcecode.c.h; path = QBTTaskData.h; sourceTree = "<group>"; };
		AAE86FF216A4D7E400B819DB /* QBTTaskData.m */ = {isa = PBXFileReference; fileEncoding = 4; lastKnownFileType = sourcecode.c.objc; path = QBTTaskData.m; sourceTree = "<group>"; };
		AAE86FF516A4DC0D00B819DB /* QBTTaskQuestionViewController.h */ = {isa = PBXFileReference; fileEncoding = 4; lastKnownFileType = sourcecode.c.h; path = QBTTaskQuestionViewController.h; sourceTree = "<group>"; };
		AAE86FF616A4DC0D00B819DB /* QBTTaskQuestionViewController.m */ = {isa = PBXFileReference; fileEncoding = 4; lastKnownFileType = sourcecode.c.objc; path = QBTTaskQuestionViewController.m; sourceTree = "<group>"; };
		AAF1E09D16BA32B0003523CD /* QBTLyricsData.h */ = {isa = PBXFileReference; fileEncoding = 4; lastKnownFileType = sourcecode.c.h; path = QBTLyricsData.h; sourceTree = "<group>"; };
		AAF1E09E16BA32B0003523CD /* QBTLyricsData.m */ = {isa = PBXFileReference; fileEncoding = 4; lastKnownFileType = sourcecode.c.objc; path = QBTLyricsData.m; sourceTree = "<group>"; };
		AAF98B5B16C47265002AD8DF /* QBTSettingsViewController.h */ = {isa = PBXFileReference; fileEncoding = 4; lastKnownFileType = sourcecode.c.h; path = QBTSettingsViewController.h; sourceTree = "<group>"; };
		AAF98B5C16C47265002AD8DF /* QBTSettingsViewController.m */ = {isa = PBXFileReference; fileEncoding = 4; lastKnownFileType = sourcecode.c.objc; path = QBTSettingsViewController.m; sourceTree = "<group>"; };
/* End PBXFileReference section */

/* Begin PBXFrameworksBuildPhase section */
		AADDFB1216448D68004955C1 /* Frameworks */ = {
			isa = PBXFrameworksBuildPhase;
			buildActionMask = 2147483647;
			files = (
				AAB29C0817063844001AA244 /* SystemConfiguration.framework in Frameworks */,
				AA66D67D16DE98D50052145B /* MediaPlayer.framework in Frameworks */,
				50EBEDC316B1CAD5005516C4 /* AVFoundation.framework in Frameworks */,
				AADDFB1A16448D68004955C1 /* UIKit.framework in Frameworks */,
				AADDFB1C16448D68004955C1 /* Foundation.framework in Frameworks */,
				AADDFB1E16448D68004955C1 /* CoreGraphics.framework in Frameworks */,
			);
			runOnlyForDeploymentPostprocessing = 0;
		};
/* End PBXFrameworksBuildPhase section */

/* Begin PBXGroup section */
		50EBEDCD16B1D2A1005516C4 /* Audio */ = {
			isa = PBXGroup;
			children = (
				50EBEDBA16B1C987005516C4 /* QBTAudioPlayer.h */,
				50EBEDBB16B1C987005516C4 /* QBTAudioPlayer.m */,
			);
			name = Audio;
			sourceTree = "<group>";
		};
		AA33AA4B1704F9F400192D4C /* Upload */ = {
			isa = PBXGroup;
			children = (
				AAB29C0117061710001AA244 /* QBTSessionDataUploader.h */,
				AAB29C0217061710001AA244 /* QBTSessionDataUploader.m */,
			);
			name = Upload;
			sourceTree = "<group>";
		};
		AA4B2FD9169B8B3E00030E29 /* Ext */ = {
			isa = PBXGroup;
			children = (
				AAB29C0917063B1F001AA244 /* Reachability.h */,
				AAB29C0A17063B1F001AA244 /* Reachability.m */,
				AA4B2FDA169B8B5000030E29 /* CSVParser.h */,
				AA4B2FDB169B8B5000030E29 /* CSVParser.m */,
			);
			name = Ext;
			sourceTree = "<group>";
		};
		AA687E4F16BC41DC0019DA5F /* Trial */ = {
			isa = PBXGroup;
			children = (
				AAB9CEDE16ED8E58001093F9 /* testSong.mp3 */,
				AA0ADE2D16E55064006C9790 /* earthAngel.mp3 */,
				AA0ADE2E16E55064006C9790 /* iWalkTheLine.mp3 */,
				AA0ADE2F16E55064006C9790 /* somewhereOverTheRainbow.mp3 */,
				AA4F4BD016C09D9B0037E613 /* lyrics_trial.csv */,
			);
			name = Trial;
			sourceTree = "<group>";
		};
		AA687E5016BC45DF0019DA5F /* Download */ = {
			isa = PBXGroup;
			children = (
				AA1E4A1016C5A13500238C54 /* QBTSongListDownloader.h */,
				AA1E4A1116C5A13500238C54 /* QBTSongListDownloader.m */,
				AA687E5116BC46050019DA5F /* QBTAudioDownloader.h */,
				AA687E5216BC46050019DA5F /* QBTAudioDownloader.m */,
			);
			name = Download;
			sourceTree = "<group>";
		};
		AAA8B43C169CE71100C30C09 /* Data */ = {
			isa = PBXGroup;
			children = (
				AA33AA4B1704F9F400192D4C /* Upload */,
				AA687E5016BC45DF0019DA5F /* Download */,
				AAA8B441169CE95E00C30C09 /* QBTUserData.h */,
				AAA8B442169CE95E00C30C09 /* QBTUserData.m */,
				AA9C4C88169F83D900CD76A0 /* QBTSessionData.h */,
				AA9C4C89169F83D900CD76A0 /* QBTSessionData.m */,
				AAE86FF116A4D7E300B819DB /* QBTTaskData.h */,
				AAE86FF216A4D7E400B819DB /* QBTTaskData.m */,
				AAF1E09D16BA32B0003523CD /* QBTLyricsData.h */,
				AAF1E09E16BA32B0003523CD /* QBTLyricsData.m */,
			);
			name = Data;
			sourceTree = "<group>";
		};
		AAA8B444169CEAF000C30C09 /* UserInfo */ = {
			isa = PBXGroup;
			children = (
				AADDFB43164490C3004955C1 /* QBTTextViewController.h */,
				AADDFB44164490C3004955C1 /* QBTTextViewController.m */,
				AADDFB401644900C004955C1 /* QBTQuestionViewController.h */,
				AADDFB411644900C004955C1 /* QBTQuestionViewController.m */,
				AA66D67916DE97EA0052145B /* QBTVolumeAdjustViewController.h */,
				AA66D67A16DE97EA0052145B /* QBTVolumeAdjustViewController.m */,
				AA80E5921701D6B800AFF85D /* QBTTrainingViewController.h */,
				AA80E5931701D6B800AFF85D /* QBTTrainingViewController.m */,
			);
			name = UserInfo;
			sourceTree = "<group>";
		};
		AADDFB0A16448D68004955C1 = {
			isa = PBXGroup;
			children = (
				AA4B2FD9169B8B3E00030E29 /* Ext */,
				AADDFB1F16448D68004955C1 /* QBTapIt */,
				AADDFB3C16448D90004955C1 /* Resources */,
				AADDFB2016448D68004955C1 /* Supporting Files */,
				AADDFB1816448D68004955C1 /* Frameworks */,
				AADDFB1616448D68004955C1 /* Products */,
			);
			sourceTree = "<group>";
		};
		AADDFB1616448D68004955C1 /* Products */ = {
			isa = PBXGroup;
			children = (
				AADDFB1516448D68004955C1 /* QBTapIt.app */,
			);
			name = Products;
			sourceTree = "<group>";
		};
		AADDFB1816448D68004955C1 /* Frameworks */ = {
			isa = PBXGroup;
			children = (
				AAB29C0717063844001AA244 /* SystemConfiguration.framework */,
				AA66D67C16DE98D50052145B /* MediaPlayer.framework */,
				50EBEDC216B1CAD5005516C4 /* AVFoundation.framework */,
				AADDFB1916448D68004955C1 /* UIKit.framework */,
				AADDFB1B16448D68004955C1 /* Foundation.framework */,
				AADDFB1D16448D68004955C1 /* CoreGraphics.framework */,
			);
			name = Frameworks;
			sourceTree = "<group>";
		};
		AADDFB1F16448D68004955C1 /* QBTapIt */ = {
			isa = PBXGroup;
			children = (
				50EBEDCD16B1D2A1005516C4 /* Audio */,
				AAA8B43C169CE71100C30C09 /* Data */,
				AAA8B444169CEAF000C30C09 /* UserInfo */,
				AADDFB4716449652004955C1 /* Task */,
				AADDFB46164495F1004955C1 /* Settings */,
				AADDFB2816448D68004955C1 /* QBTAppDelegate.h */,
				AADDFB2916448D68004955C1 /* QBTAppDelegate.m */,
				AADDFB3416448D68004955C1 /* QBTViewController.h */,
				AADDFB3516448D68004955C1 /* QBTViewController.m */,
			);
			path = QBTapIt;
			sourceTree = "<group>";
		};
		AADDFB2016448D68004955C1 /* Supporting Files */ = {
			isa = PBXGroup;
			children = (
				AADDFB2116448D68004955C1 /* QBTapIt-Info.plist */,
				AADDFB2216448D68004955C1 /* InfoPlist.strings */,
				AADDFB2516448D68004955C1 /* main.m */,
				AADDFB2716448D68004955C1 /* QBTapIt-Prefix.pch */,
				AADDFB2B16448D68004955C1 /* Default.png */,
				AADDFB2D16448D68004955C1 /* Default@2x.png */,
				AADDFB2F16448D68004955C1 /* Default-568h@2x.png */,
			);
			name = "Supporting Files";
			path = QBTapIt;
			sourceTree = "<group>";
		};
		AADDFB3C16448D90004955C1 /* Resources */ = {
			isa = PBXGroup;
			children = (
				AA56120716C9C73A00377661 /* gears.png */,
				AA56120816C9C73A00377661 /* gears@2x.png */,
				AA687E4F16BC41DC0019DA5F /* Trial */,
				AA7324F916AF35AC00F9D64A /* icon57.png */,
				AA7324F616AF35A500F9D64A /* icon114.png */,
				AADDFB3116448D68004955C1 /* MainStoryboard.storyboard */,
			);
			name = Resources;
			sourceTree = "<group>";
		};
		AADDFB46164495F1004955C1 /* Settings */ = {
			isa = PBXGroup;
			children = (
				AAA8B43E169CE76B00C30C09 /* QBTServerSettings.h */,
				AAA8B43F169CE76B00C30C09 /* QBTServerSettings.m */,
				AAF98B5B16C47265002AD8DF /* QBTSettingsViewController.h */,
				AAF98B5C16C47265002AD8DF /* QBTSettingsViewController.m */,
				AA1E4A0A16C58BA000238C54 /* QBTDownloadViewController.h */,
				AA1E4A0B16C58BA000238C54 /* QBTDownloadViewController.m */,
				AA1E4A0D16C58EA100238C54 /* QBTDownloadCell.h */,
				AA1E4A0E16C58EA100238C54 /* QBTDownloadCell.m */,
			);
			name = Settings;
			sourceTree = "<group>";
		};
		AADDFB4716449652004955C1 /* Task */ = {
			isa = PBXGroup;
			children = (
				AADDFB4816449722004955C1 /* QBTTaskTextViewController.h */,
				AADDFB4916449722004955C1 /* QBTTaskTextViewController.m */,
				AADDFB4B16449763004955C1 /* QBTTaskViewController.h */,
				AADDFB4C16449763004955C1 /* QBTTaskViewController.m */,
				AADDFB4E16449857004955C1 /* QBTTaskDoneViewController.h */,
				AADDFB4F16449857004955C1 /* QBTTaskDoneViewController.m */,
				AADDFB551644A623004955C1 /* QBTTaskAudioViewController.h */,
				AADDFB561644A623004955C1 /* QBTTaskAudioViewController.m */,
				AAE86FF516A4DC0D00B819DB /* QBTTaskQuestionViewController.h */,
				AAE86FF616A4DC0D00B819DB /* QBTTaskQuestionViewController.m */,
				AACE7A7A16C0923500B7C0C7 /* QBTTaskReadyViewController.h */,
				AACE7A7B16C0923500B7C0C7 /* QBTTaskReadyViewController.m */,
				AA05DBBF16E9219B000D97C9 /* QBTTaskFamiliarityViewController.h */,
				AA05DBC016E9219B000D97C9 /* QBTTaskFamiliarityViewController.m */,
			);
			name = Task;
			sourceTree = "<group>";
		};
/* End PBXGroup section */

/* Begin PBXNativeTarget section */
		AADDFB1416448D68004955C1 /* QBTapIt */ = {
			isa = PBXNativeTarget;
			buildConfigurationList = AADDFB3916448D68004955C1 /* Build configuration list for PBXNativeTarget "QBTapIt" */;
			buildPhases = (
				AADDFB1116448D68004955C1 /* Sources */,
				AADDFB1216448D68004955C1 /* Frameworks */,
				AADDFB1316448D68004955C1 /* Resources */,
			);
			buildRules = (
			);
			dependencies = (
			);
			name = QBTapIt;
			productName = QBTapIt;
			productReference = AADDFB1516448D68004955C1 /* QBTapIt.app */;
			productType = "com.apple.product-type.application";
		};
/* End PBXNativeTarget section */

/* Begin PBXProject section */
		AADDFB0C16448D68004955C1 /* Project object */ = {
			isa = PBXProject;
			attributes = {
				CLASSPREFIX = QBT;
				LastUpgradeCheck = 0450;
				ORGANIZATIONNAME = "CCRMA, Stanford University";
			};
			buildConfigurationList = AADDFB0F16448D68004955C1 /* Build configuration list for PBXProject "QBTapIt" */;
			compatibilityVersion = "Xcode 3.2";
			developmentRegion = English;
			hasScannedForEncodings = 0;
			knownRegions = (
				en,
			);
			mainGroup = AADDFB0A16448D68004955C1;
			productRefGroup = AADDFB1616448D68004955C1 /* Products */;
			projectDirPath = "";
			projectRoot = "";
			targets = (
				AADDFB1416448D68004955C1 /* QBTapIt */,
			);
		};
/* End PBXProject section */

/* Begin PBXResourcesBuildPhase section */
		AADDFB1316448D68004955C1 /* Resources */ = {
			isa = PBXResourcesBuildPhase;
			buildActionMask = 2147483647;
			files = (
				AADDFB2416448D68004955C1 /* InfoPlist.strings in Resources */,
				AADDFB2C16448D68004955C1 /* Default.png in Resources */,
				AADDFB2E16448D68004955C1 /* Default@2x.png in Resources */,
				AADDFB3016448D68004955C1 /* Default-568h@2x.png in Resources */,
				AADDFB3316448D68004955C1 /* MainStoryboard.storyboard in Resources */,
				AA7324F716AF35A500F9D64A /* icon114.png in Resources */,
				AA7324FA16AF35AC00F9D64A /* icon57.png in Resources */,
				AA4F4BD516C09D9B0037E613 /* lyrics_trial.csv in Resources */,
				AA56120916C9C73A00377661 /* gears.png in Resources */,
				AA56120A16C9C73A00377661 /* gears@2x.png in Resources */,
				AA0ADE3016E55064006C9790 /* earthAngel.mp3 in Resources */,
				AA0ADE3116E55064006C9790 /* iWalkTheLine.mp3 in Resources */,
				AA0ADE3216E55064006C9790 /* somewhereOverTheRainbow.mp3 in Resources */,
				AAB9CEDF16ED8E58001093F9 /* testSong.mp3 in Resources */,
			);
			runOnlyForDeploymentPostprocessing = 0;
		};
/* End PBXResourcesBuildPhase section */

/* Begin PBXSourcesBuildPhase section */
		AADDFB1116448D68004955C1 /* Sources */ = {
			isa = PBXSourcesBuildPhase;
			buildActionMask = 2147483647;
			files = (
				AADDFB2616448D68004955C1 /* main.m in Sources */,
				AADDFB2A16448D68004955C1 /* QBTAppDelegate.m in Sources */,
				AADDFB3616448D68004955C1 /* QBTViewController.m in Sources */,
				AADDFB421644900C004955C1 /* QBTQuestionViewController.m in Sources */,
				AADDFB45164490C3004955C1 /* QBTTextViewController.m in Sources */,
				AADDFB4A16449722004955C1 /* QBTTaskTextViewController.m in Sources */,
				AADDFB4D16449763004955C1 /* QBTTaskViewController.m in Sources */,
				AADDFB5016449857004955C1 /* QBTTaskDoneViewController.m in Sources */,
				AADDFB571644A623004955C1 /* QBTTaskAudioViewController.m in Sources */,
				AA4B2FDC169B8B5000030E29 /* CSVParser.m in Sources */,
				AAA8B440169CE76B00C30C09 /* QBTServerSettings.m in Sources */,
				AAA8B443169CE95E00C30C09 /* QBTUserData.m in Sources */,
				AA9C4C8A169F83D900CD76A0 /* QBTSessionData.m in Sources */,
				AAE86FF316A4D7E400B819DB /* QBTTaskData.m in Sources */,
				AAE86FF716A4DC0D00B819DB /* QBTTaskQuestionViewController.m in Sources */,
				50EBEDBC16B1C987005516C4 /* QBTAudioPlayer.m in Sources */,
				AAF1E09F16BA32B0003523CD /* QBTLyricsData.m in Sources */,
				AA687E5316BC46050019DA5F /* QBTAudioDownloader.m in Sources */,
				AACE7A7C16C0923500B7C0C7 /* QBTTaskReadyViewController.m in Sources */,
				AAF98B5D16C47265002AD8DF /* QBTSettingsViewController.m in Sources */,
				AA1E4A0C16C58BA000238C54 /* QBTDownloadViewController.m in Sources */,
				AA1E4A0F16C58EA100238C54 /* QBTDownloadCell.m in Sources */,
				AA1E4A1216C5A13500238C54 /* QBTSongListDownloader.m in Sources */,
				AA66D67B16DE97EA0052145B /* QBTVolumeAdjustViewController.m in Sources */,
				AA05DBC116E9219B000D97C9 /* QBTTaskFamiliarityViewController.m in Sources */,
				AA80E5941701D6B800AFF85D /* QBTTrainingViewController.m in Sources */,
				AAB29C0317061710001AA244 /* QBTSessionDataUploader.m in Sources */,
				AAB29C0B17063B1F001AA244 /* Reachability.m in Sources */,
			);
			runOnlyForDeploymentPostprocessing = 0;
		};
/* End PBXSourcesBuildPhase section */

/* Begin PBXVariantGroup section */
		AADDFB2216448D68004955C1 /* InfoPlist.strings */ = {
			isa = PBXVariantGroup;
			children = (
				AADDFB2316448D68004955C1 /* en */,
			);
			name = InfoPlist.strings;
			sourceTree = "<group>";
		};
		AADDFB3116448D68004955C1 /* MainStoryboard.storyboard */ = {
			isa = PBXVariantGroup;
			children = (
				AADDFB3216448D68004955C1 /* en */,
			);
			name = MainStoryboard.storyboard;
			path = QBTapIt;
			sourceTree = "<group>";
		};
/* End PBXVariantGroup section */

/* Begin XCBuildConfiguration section */
		AADDFB3716448D68004955C1 /* Debug */ = {
			isa = XCBuildConfiguration;
			buildSettings = {
				ALWAYS_SEARCH_USER_PATHS = NO;
				CLANG_CXX_LANGUAGE_STANDARD = "gnu++0x";
				CLANG_CXX_LIBRARY = "libc++";
				CLANG_ENABLE_OBJC_ARC = YES;
				CLANG_WARN_EMPTY_BODY = YES;
				CLANG_WARN__DUPLICATE_METHOD_MATCH = YES;
				CODE_SIGN_IDENTITY = "iPhone Developer";
				"CODE_SIGN_IDENTITY[sdk=iphoneos*]" = "iPhone Developer";
				COPY_PHASE_STRIP = NO;
				GCC_C_LANGUAGE_STANDARD = gnu99;
				GCC_DYNAMIC_NO_PIC = NO;
				GCC_OPTIMIZATION_LEVEL = 0;
				GCC_PREPROCESSOR_DEFINITIONS = (
					"DEBUG=1",
					"$(inherited)",
				);
				GCC_SYMBOLS_PRIVATE_EXTERN = NO;
				GCC_WARN_ABOUT_RETURN_TYPE = YES;
				GCC_WARN_UNINITIALIZED_AUTOS = YES;
				GCC_WARN_UNUSED_VARIABLE = YES;
				IPHONEOS_DEPLOYMENT_TARGET = 6.0;
				ONLY_ACTIVE_ARCH = YES;
				PROVISIONING_PROFILE = "";
				SDKROOT = iphoneos;
			};
			name = Debug;
		};
		AADDFB3816448D68004955C1 /* Release */ = {
			isa = XCBuildConfiguration;
			buildSettings = {
				ALWAYS_SEARCH_USER_PATHS = NO;
				CLANG_CXX_LANGUAGE_STANDARD = "gnu++0x";
				CLANG_CXX_LIBRARY = "libc++";
				CLANG_ENABLE_OBJC_ARC = YES;
				CLANG_WARN_EMPTY_BODY = YES;
				CLANG_WARN__DUPLICATE_METHOD_MATCH = YES;
				CODE_SIGN_IDENTITY = "iPhone Developer";
				"CODE_SIGN_IDENTITY[sdk=iphoneos*]" = "iPhone Developer";
				COPY_PHASE_STRIP = YES;
				GCC_C_LANGUAGE_STANDARD = gnu99;
				GCC_WARN_ABOUT_RETURN_TYPE = YES;
				GCC_WARN_UNINITIALIZED_AUTOS = YES;
				GCC_WARN_UNUSED_VARIABLE = YES;
				IPHONEOS_DEPLOYMENT_TARGET = 6.0;
				OTHER_CFLAGS = "-DNS_BLOCK_ASSERTIONS=1";
				PROVISIONING_PROFILE = "";
				"PROVISIONING_PROFILE[sdk=iphoneos*]" = "";
				SDKROOT = iphoneos;
				VALIDATE_PRODUCT = YES;
			};
			name = Release;
		};
		AADDFB3A16448D68004955C1 /* Debug */ = {
			isa = XCBuildConfiguration;
			buildSettings = {
				GCC_PRECOMPILE_PREFIX_HEADER = YES;
				GCC_PREFIX_HEADER = "QBTapIt/QBTapIt-Prefix.pch";
				INFOPLIST_FILE = "QBTapIt/QBTapIt-Info.plist";
				PRODUCT_NAME = "$(TARGET_NAME)";
				WRAPPER_EXTENSION = app;
			};
			name = Debug;
		};
		AADDFB3B16448D68004955C1 /* Release */ = {
			isa = XCBuildConfiguration;
			buildSettings = {
				CODE_SIGN_IDENTITY = "iPhone Distribution";
				"CODE_SIGN_IDENTITY[sdk=iphoneos*]" = "iPhone Distribution";
				GCC_PRECOMPILE_PREFIX_HEADER = YES;
				GCC_PREFIX_HEADER = "QBTapIt/QBTapIt-Prefix.pch";
				INFOPLIST_FILE = "QBTapIt/QBTapIt-Info.plist";
				PRODUCT_NAME = "$(TARGET_NAME)";
				PROVISIONING_PROFILE = "";
				"PROVISIONING_PROFILE[sdk=iphoneos*]" = "";
				WRAPPER_EXTENSION = app;
			};
			name = Release;
		};
/* End XCBuildConfiguration section */

/* Begin XCConfigurationList section */
		AADDFB0F16448D68004955C1 /* Build configuration list for PBXProject "QBTapIt" */ = {
			isa = XCConfigurationList;
			buildConfigurations = (
				AADDFB3716448D68004955C1 /* Debug */,
				AADDFB3816448D68004955C1 /* Release */,
			);
			defaultConfigurationIsVisible = 0;
			defaultConfigurationName = Release;
		};
		AADDFB3916448D68004955C1 /* Build configuration list for PBXNativeTarget "QBTapIt" */ = {
			isa = XCConfigurationList;
			buildConfigurations = (
				AADDFB3A16448D68004955C1 /* Debug */,
				AADDFB3B16448D68004955C1 /* Release */,
			);
			defaultConfigurationIsVisible = 0;
			defaultConfigurationName = Release;
		};
/* End XCConfigurationList section */
	};
	rootObject = AADDFB0C16448D68004955C1 /* Project object */;
}
